
Microsoft Visual Studio Solution File, Format Version 12.00
# Visual Studio Version 16
VisualStudioVersion = 16.0.28729.10
MinimumVisualStudioVersion = 10.0.40219.1
Project("{FAE04EC0-301F-11D3-BF4B-00C04F79EFBC}") = "ConsoleApp12", "ConsoleApp12\ConsoleApp12.csproj", "{3C55422C-5D66-4DAD-B358-F15250F20121}"
EndProject
Global
	GlobalSection(SolutionConfigurationPlatforms) = preSolution
		Debug|Any CPU = Debug|Any CPU
		Release|Any CPU = Release|Any CPU
	EndGlobalSection
	GlobalSection(ProjectConfigurationPlatforms) = postSolution
		{3C55422C-5D66-4DAD-B358-F15250F20121}.Debug|Any CPU.ActiveCfg = Debug|Any CPU
		{3C55422C-5D66-4DAD-B358-F15250F20121}.Debug|Any CPU.Build.0 = Debug|Any CPU
		{3C55422C-5D66-4DAD-B358-F15250F20121}.Release|Any CPU.ActiveCfg = Release|Any CPU
		{3C55422C-5D66-4DAD-B358-F15250F20121}.Release|Any CPU.Build.0 = Release|Any CPU
	EndGlobalSection
	GlobalSection(SolutionProperties) = preSolution
		HideSolutionNode = FALSE
	EndGlobalSection
	GlobalSection(ExtensibilityGlobals) = postSolution
		SolutionGuid = {DE033A9E-3674-4EF5-9D01-396D58C703C0}
	EndGlobalSection
EndGlobal
